# This file is autogenerated, do not edit; changes may be undone by the next 'dep ensure'.


[[projects]]
  name = "github.com/gorilla/websocket"
  packages = ["."]
  revision = "66b9c49e59c6c48f0ffce28c2d8b8a5678502c6d"
  version = "v1.4.0"

[[projects]]
  name = "github.com/pions/dtls"
  packages = [
    "pkg/dtls",
    "pkg/dtls/internal/udp"
  ]
  revision = "7cfb9c3bb3eccd3b84ed4ff0e756ff5ba0a83f3a"
  version = "v1.0.1"

[[projects]]
  branch = "master"
  name = "github.com/pions/pkg"
  packages = ["stun"]
  revision = "b60cd756f712a4e3770fdb3ddba6244914a6a01e"

[[projects]]
  name = "github.com/pions/webrtc"
  packages = [
    ".",
    "internal/datachannel",
    "internal/mux",
    "internal/network",
    "internal/sctp",
    "internal/sdp",
    "internal/srtp",
    "internal/util",
    "pkg/datachannel",
    "pkg/ice",
    "pkg/media",
    "pkg/media/samplebuilder",
    "pkg/rtcerr",
    "pkg/rtcp",
    "pkg/rtp",
    "pkg/rtp/codecs"
  ]
  revision = "7d19be0bca79fa3660a90a846f9d5ec3a53e12b7"
  version = "v1.2.0"

[[projects]]
  name = "github.com/pkg/errors"
  packages = ["."]
  revision = "645ef00459ed84a119197bfb8d8205042c6df63d"
  version = "v0.8.0"

[[projects]]
  branch = "master"
  name = "golang.org/x/crypto"
  packages = ["curve25519"]
  revision = "505ab145d0a99da450461ae2c1a9f6cd10d1f447"

[[projects]]
  branch = "master"
  name = "golang.org/x/net"
  packages = [
    "bpf",
    "internal/iana",
    "internal/socket",
    "ipv4"
  ]
  revision = "610586996380ceef02dd726cc09df7e00a3f8e56"

[[projects]]
  name = "nanomsg.org/go-mangos"
  packages = [
    ".",
    "protocol/pub",
    "protocol/sub",
    "transport/inproc"
  ]
  revision = "c289f0f3165d00720e9dcef856b52d799f0bb008"
  version = "v1.4.0"

[solve-meta]
  analyzer-name = "dep"
  analyzer-version = 1
  inputs-digest = "5bd7c00287715324adb21c1e90fa2d603d1015f4de74f65e2c8c902fb615b918"
  solver-name = "gps-cdcl"
  solver-version = 1
